{
  "name": "PLCredis",
  "version": "1.0.0",
  "lockfileVersion": 1,
  "requires": true,
  "dependencies": {
    "@influxdata/influxdb-client": {
      "version": "1.13.0",
      "resolved": "https://registry.npmjs.org/@influxdata/influxdb-client/-/influxdb-client-1.13.0.tgz",
      "integrity": "sha512-ZbWTJ3fHt2HTgKg7/hADgUc0PI1DtYwo95mF8WjSFp/hZ+hG8NQWv+x8gUroxwX3HgfqZL3TNSPHsWf5v+mCGg=="
    },
    "denque": {
      "version": "1.5.0",
      "resolved": "https://registry.npmjs.org/denque/-/denque-1.5.0.tgz",
      "integrity": "sha512-CYiCSgIF1p6EUByQPlGkKnP1M9g0ZV3qMIrqMqZqdwazygIA/YP2vrbcyl1h/WppKJTdl1F85cXIle+394iDAQ=="
    },
    "http": {
      "version": "0.0.1-security",
      "resolved": "https://registry.npmjs.org/http/-/http-0.0.1-security.tgz",
      "integrity": "sha512-RnDvP10Ty9FxqOtPZuxtebw1j4L/WiqNMDtuc1YMH1XQm5TgDRaR1G9u8upL6KD1bXHSp9eSXo/ED+8Q7FAr+g=="
    },
    "ping": {
      "version": "0.4.1",
      "resolved": "https://registry.npmjs.org/ping/-/ping-0.4.1.tgz",
      "integrity": "sha512-zYouogtyis0QpEZwWY1T26iuIOMJx+ajtjVMcPKIdWRq2Ie3Ftkbel8I25M5kCAQQMQhsez6ZbPiYjNe7aBjSQ==",
      "requires": {
        "q": "1.x",
        "underscore": "^1.12.0"
      }
    },
    "q": {
      "version": "1.5.1",
      "resolved": "https://registry.npmjs.org/q/-/q-1.5.1.tgz",
      "integrity": "sha1-fjL3W0E4EpHQRhHxvxQQmsAGUdc="
    },
    "redis": {
      "version": "3.1.2",
      "resolved": "https://registry.npmjs.org/redis/-/redis-3.1.2.tgz",
      "integrity": "sha512-grn5KoZLr/qrRQVwoSkmzdbw6pwF+/rwODtrOr6vuBRiR/f3rjSTGupbF90Zpqm2oenix8Do6RV7pYEkGwlKkw==",
      "requires": {
        "denque": "^1.5.0",
        "redis-commands": "^1.7.0",
        "redis-errors": "^1.2.0",
        "redis-parser": "^3.0.0"
      }
    },
    "redis-commands": {
      "version": "1.7.0",
      "resolved": "https://registry.npmjs.org/redis-commands/-/redis-commands-1.7.0.tgz",
      "integrity": "sha512-nJWqw3bTFy21hX/CPKHth6sfhZbdiHP6bTawSgQBlKOVRG7EZkfHbbHwQJnrE4vsQf0CMNE+3gJ4Fmm16vdVlQ=="
    },
    "redis-errors": {
      "version": "1.2.0",
      "resolved": "https://registry.npmjs.org/redis-errors/-/redis-errors-1.2.0.tgz",
      "integrity": "sha1-62LSrbFeTq9GEMBK/hUpOEJQq60="
    },
    "redis-parser": {
      "version": "3.0.0",
      "resolved": "https://registry.npmjs.org/redis-parser/-/redis-parser-3.0.0.tgz",
      "integrity": "sha1-tm2CjNyv5rS4pCin3vTGvKwxyLQ=",
      "requires": {
        "redis-errors": "^1.0.0"
      }
    },
    "underscore": {
      "version": "1.13.1",
      "resolved": "https://registry.npmjs.org/underscore/-/underscore-1.13.1.tgz",
      "integrity": "sha512-hzSoAVtJF+3ZtiFX0VgfFPHEDRm7Y/QPjGyNo4TVdnDTdft3tr8hEkD25a1jC+TjTuE7tkHGKkhwCgs9dgBB2g=="
    }
  }
}
